
Microsoft Visual Studio Solution File, Format Version 12.00
Project("{FAE04EC0-301F-11D3-BF4B-00C04F79EFBC}") = "Scape05", "Scape05\Scape05.csproj", "{2BB78EA6-99B9-48AC-977C-024A950F38BD}"
EndProject
Global
	GlobalSection(SolutionConfigurationPlatforms) = preSolution
		Debug|Any CPU = Debug|Any CPU
		Release|Any CPU = Release|Any CPU
	EndGlobalSection
	GlobalSection(ProjectConfigurationPlatforms) = postSolution
		{2BB78EA6-99B9-48AC-977C-024A950F38BD}.Debug|Any CPU.ActiveCfg = Debug|Any CPU
		{2BB78EA6-99B9-48AC-977C-024A950F38BD}.Debug|Any CPU.Build.0 = Debug|Any CPU
		{2BB78EA6-99B9-48AC-977C-024A950F38BD}.Release|Any CPU.ActiveCfg = Release|Any CPU
		{2BB78EA6-99B9-48AC-977C-024A950F38BD}.Release|Any CPU.Build.0 = Release|Any CPU
	EndGlobalSection
EndGlobal
